# THIS IS AN AUTOGENERATED FILE. DO NOT EDIT THIS FILE DIRECTLY.
# yarn lockfile v1


"@candlefw/cfw@*":
  version "1.0.1"
  resolved "https://registry.yarnpkg.com/@candlefw/cfw/-/cfw-1.0.1.tgz#218f5f749b184e3e85f27cb7ef956d5102113c33"
  integrity sha512-QEXevej8BFOQ3CyYM49qccZp1iLJm+Wg0XEt6zyQiOwzD/1ThUFyviJrjMAsklc9mmLB8/uXO0N1NYEPzlK6NA==

"@candlefw/conflagrate@*":
  version "0.1.1"
  resolved "https://registry.yarnpkg.com/@candlefw/conflagrate/-/conflagrate-0.1.1.tgz#736ac21a8eb2ca45239ff194fc386318fb1595eb"
  integrity sha512-rP3xi4x41+Uthfe81uubyZ39yqe6R9JFg+tNsGXeyJHz3C/SkYbhKOIWlQjj+MhrNvFIwsQHTsgNbDOggNVfqw==
  dependencies:
    "@candlefw/url" "*"
    "@candlefw/wind" "*"

"@candlefw/css@*":
  version "0.2.7"
  resolved "https://registry.yarnpkg.com/@candlefw/css/-/css-0.2.7.tgz#77b466c6f4743c0edec3d6e4af499f9553a14b03"
  integrity sha512-taJmKSqcUq+e0QnPAvV76VLjvxjQD/FetFzVdgRuMdD7v3xHzkazMRGIx53PNiOliSJ9SrYVBxv6/10VyrZbTw==
  dependencies:
    "@candlefw/conflagrate" "*"
    "@candlefw/hydrocarbon" "*"

"@candlefw/flame@*":
  version "0.0.15"
  resolved "https://registry.yarnpkg.com/@candlefw/flame/-/flame-0.0.15.tgz#509d050a4890bdbf72f0f183d8dd6cf1e0cec8ec"
  integrity sha512-KMadhAOru2P6AcVFfAjDS3rRCiCRyPohd8EMwWG4+LH3RRN39TaJ6ZnvsMNUHHe9A38E0IuwrSX127Z5X56Sug==
  dependencies:
    "@candlefw/lantern" "*"
    "@candlefw/wax" "*"
    "@candlefw/wick" "*"
    codemirror "^5.54.0"
    paper "^0.12.0"

"@candlefw/glow@*":
  version "0.3.0"
  resolved "https://registry.yarnpkg.com/@candlefw/glow/-/glow-0.3.0.tgz#d9b38843f0fccd60670a505a8a3758ba3a1ea6f1"
  integrity sha512-cVJ9fbBz+5kR9rx93aP0v9XQAGWZ3FRuNY8Wj6wZc6V47bseCXSaRswQVt6UeWO/tW/vZTAMsw+VW+qptwUGBA==
  dependencies:
    "@candlefw/cfw" "*"
    "@candlefw/css" "*"
    "@candlefw/spark" "*"

"@candlefw/html@*":
  version "0.1.1"
  resolved "https://registry.yarnpkg.com/@candlefw/html/-/html-0.1.1.tgz#be350fafa7f4afba11f0888554c1244cb3ff0906"
  integrity sha512-Au96qlELJ39q3TAcRjoTX2w/WQTFX+bLdfqKHN2DjW746lV72VQd2cuj55w5eNImEiga9QTvGsJZPLEnUa9ONA==
  dependencies:
    "@candlefw/url" "*"
    "@candlefw/wind" "*"

"@candlefw/hydrocarbon@*":
  version "0.6.0"
  resolved "https://registry.yarnpkg.com/@candlefw/hydrocarbon/-/hydrocarbon-0.6.0.tgz#a9f7f68889523be73a356288969ae67751fa46be"
  integrity sha512-v8U8oMnHZHoSiehwaRuO3l4LCSVYYUOYRbRGi/Bo6Y0+zLoUwwkzBZ4hX+bjVyTXcHleKqe5Fq6CPcQTRMGrQQ==
  dependencies:
    "@candlefw/conflagrate" "*"
    "@candlefw/js" "*"
    "@candlefw/url" "*"
    "@candlefw/wind" "*"
    commander "^5.0.0"
    terser "^4.6.3"

"@candlefw/js@*":
  version "0.3.1"
  resolved "https://registry.yarnpkg.com/@candlefw/js/-/js-0.3.1.tgz#ac8407db285b68194fa7b371907f9068b5b35fac"
  integrity sha512-SmHNhqLSvZgBo8rRi75oY+x2Ezq4QazZd6vZCgkcS2VtHUvTINGVHt4UOMxmV9e1FjiZOTuVDJ+9Rk47wPdQBw==
  dependencies:
    "@candlefw/conflagrate" "*"
    "@candlefw/hydrocarbon" "*"
    "@candlefw/url" "*"
    "@candlefw/wind" "*"

"@candlefw/lantern@*":
  version "0.0.19"
  resolved "https://registry.yarnpkg.com/@candlefw/lantern/-/lantern-0.0.19.tgz#feb7b44938b5718c0e64ed5b67028c53c228a6bc"
  integrity sha512-dc5+53XV7PrTYeOWgwj0F0K6CVV5UO10pIYR7UGwit/RKjWDP7e3QrgTEow752g3yBDtM1gcp+9x0djEL5MEMA==
  dependencies:
    "@candlefw/cfw" "*"
    "@candlefw/conflagrate" "*"
    "@candlefw/css" "*"
    "@candlefw/glow" "*"
    "@candlefw/hydrocarbon" "*"
    "@candlefw/js" "*"
    "@candlefw/spark" "*"
    "@candlefw/url" "*"
    "@candlefw/wick" "*"
    "@candlefw/wind" "*"
    node-watch "^0.6.3"

"@candlefw/spark@*":
  version "0.1.2"
  resolved "https://registry.yarnpkg.com/@candlefw/spark/-/spark-0.1.2.tgz#0beb32b2a2dd4e190d557eeb122599bd2f4f654f"
  integrity sha512-vbq9NGMUdgoK0oMEvl6OSh93ETGZCkf0VVNfUQpgoxN76CTFYA7QvSIuMuzLUjBhXl+/bfFgooJhwqyaCneLxQ==

"@candlefw/url@*":
  version "0.1.5"
  resolved "https://registry.yarnpkg.com/@candlefw/url/-/url-0.1.5.tgz#7576b5333727bd163f9059b1eb05d5060d2cfc63"
  integrity sha512-9clZEfNC0MuVU83Mpns6KUfp+OYKxWDhHTOkZbTIOj3Tl/RzjFhS2jPPwwkpLXtcmJcB/2efxAaqRGdOLJmFbQ==
  dependencies:
    "@candlefw/cfw" "*"

"@candlefw/wax@*":
  version "0.0.4"
  resolved "https://registry.yarnpkg.com/@candlefw/wax/-/wax-0.0.4.tgz#07359a4404f1c96e398f6977b28d4b85761403e4"
  integrity sha512-JCJ27MNld5GWrS6bbndcx7RWhFApSCl0tzYrUFVKsoOAuEYfui+FUXHrECX4fVugd1TRDsmlE1CS6uk6jar5nQ==
  dependencies:
    "@candlefw/conflagrate" "*"
    "@candlefw/hydrocarbon" "*"
    "@candlefw/url" "*"
    "@candlefw/wind" "*"

"@candlefw/wick@*":
  version "0.12.3"
  resolved "https://registry.yarnpkg.com/@candlefw/wick/-/wick-0.12.3.tgz#c6565f573f647128e0090865f76269b2b51ad3b6"
  integrity sha512-pUGQyxDUFX7JXGueIbHxun5p2/IPKt11dGjJ622D6tEonl4ZODg5itXYH5yCE9lntc6vX//+A+Ayoib2iDN+6Q==
  dependencies:
    "@candlefw/conflagrate" "*"
    "@candlefw/css" "*"
    "@candlefw/glow" "*"
    "@candlefw/html" "*"
    "@candlefw/hydrocarbon" "*"
    "@candlefw/js" "*"
    "@candlefw/spark" "*"
    "@candlefw/url" "*"
    "@candlefw/wind" "*"

"@candlefw/wind@*":
  version "0.4.3"
  resolved "https://registry.yarnpkg.com/@candlefw/wind/-/wind-0.4.3.tgz#088716663db61e6db1278e25ca01235dea632801"
  integrity sha512-s8IuwrCMn3Mut+vC1YN9HwNwhyp4qJfrJrhQHhsRZaaHArB1/9X2E4Ho56mS73KaHx7tFSTTWxEIas+9O7MqVQ==

buffer-from@^1.0.0:
  version "1.1.1"
  resolved "https://registry.yarnpkg.com/buffer-from/-/buffer-from-1.1.1.tgz#32713bc028f75c02fdb710d7c7bcec1f2c6070ef"
  integrity sha512-MQcXEUbCKtEo7bhqEs6560Hyd4XaovZlO/k9V3hjVUF/zwW7KBVdSK4gIt/bzwS9MbR5qob+F5jusZsb0YQK2A==

codemirror@^5.54.0:
  version "5.58.1"
  resolved "https://registry.yarnpkg.com/codemirror/-/codemirror-5.58.1.tgz#ec6bf38ad2a17f74c61bd00cc6dc5a69bd167854"
  integrity sha512-UGb/ueu20U4xqWk8hZB3xIfV2/SFqnSLYONiM3wTMDqko0bsYrsAkGGhqUzbRkYm89aBKPyHtuNEbVWF9FTFzw==

commander@^2.20.0:
  version "2.20.3"
  resolved "https://registry.yarnpkg.com/commander/-/commander-2.20.3.tgz#fd485e84c03eb4881c20722ba48035e8531aeb33"
  integrity sha512-GpVkmM8vF2vQUkj2LvZmD35JxeJOLCwJ9cUkugyk2nuhbv3+mJvpLYYt+0+USMxE+oj+ey/lJEnhZw75x/OMcQ==

commander@^5.0.0:
  version "5.1.0"
  resolved "https://registry.yarnpkg.com/commander/-/commander-5.1.0.tgz#46abbd1652f8e059bddaef99bbdcb2ad9cf179ae"
  integrity sha512-P0CysNDQ7rtVw4QIQtm+MRxV66vKFSvlsQvGYXZWR3qFU0jlMKHZZZgw8e+8DSah4UDKMqnknRDQz+xuQXQ/Zg==

node-watch@^0.6.3:
  version "0.6.4"
  resolved "https://registry.yarnpkg.com/node-watch/-/node-watch-0.6.4.tgz#50e564046eb7be15151c25f9c5aac4b5f495c291"
  integrity sha512-cI6CHzivIFESe8djiK3Wh90CtWQBxLwMem8x8S+2GSvCvFgoMuOKVlfJtQ/2v3Afg3wOnHl/+tXotEs8z5vOrg==

paper@^0.12.0:
  version "0.12.11"
  resolved "https://registry.yarnpkg.com/paper/-/paper-0.12.11.tgz#21914ab0bbef939241ace5e4c87ff2543e7c8b7d"
  integrity sha512-m6TKiyUr1A8zz6qdyBdYkb63OSRcNODlWZDxjEXFHtRjSlmMckFeSDdnuLYXsgwzcv3s36LgtrPk88y+gmA5JA==

source-map-support@~0.5.12:
  version "0.5.19"
  resolved "https://registry.yarnpkg.com/source-map-support/-/source-map-support-0.5.19.tgz#a98b62f86dcaf4f67399648c085291ab9e8fed61"
  integrity sha512-Wonm7zOCIJzBGQdB+thsPar0kYuCIzYvxZwlBa87yi/Mdjv7Tip2cyVbLj5o0cFPN4EVkuTwb3GDDyUx2DGnGw==
  dependencies:
    buffer-from "^1.0.0"
    source-map "^0.6.0"

source-map@^0.6.0, source-map@~0.6.1:
  version "0.6.1"
  resolved "https://registry.yarnpkg.com/source-map/-/source-map-0.6.1.tgz#74722af32e9614e9c287a8d0bbde48b5e2f1a263"
  integrity sha512-UjgapumWlbMhkBgzT7Ykc5YXUT46F0iKu8SGXq0bcwP5dz/h0Plj6enJqjz1Zbq2l5WaqYnrVbwWOWMyF3F47g==

terser@^4.6.3:
  version "4.8.0"
  resolved "https://registry.yarnpkg.com/terser/-/terser-4.8.0.tgz#63056343d7c70bb29f3af665865a46fe03a0df17"
  integrity sha512-EAPipTNeWsb/3wLPeup1tVPaXfIaU68xMnVdPafIL1TV05OhASArYyIfFvnvJCNrR2NIOvDVNNTFRa+Re2MWyw==
  dependencies:
    commander "^2.20.0"
    source-map "~0.6.1"
    source-map-support "~0.5.12"
